// !$*UTF8*$!
{
	archiveVersion = 1;
	classes = {
	};
	objectVersion = 46;
	objects = {

/* Begin PBXBuildFile section */
		CA9D16831ACFD83900DD00D1 /* main.m in Sources */ = {isa = PBXBuildFile; fileRef = CA9D16821ACFD83900DD00D1 /* main.m */; };
		CA9D16861ACFD83900DD00D1 /* AppDelegate.m in Sources */ = {isa = PBXBuildFile; fileRef = CA9D16851ACFD83900DD00D1 /* AppDelegate.m */; };
		CA9D16891ACFD83900DD00D1 /* hop.xcdatamodeld in Sources */ = {isa = PBXBuildFile; fileRef = CA9D16871ACFD83900DD00D1 /* hop.xcdatamodeld */; };
		CA9D168C1ACFD83900DD00D1 /* ViewController.m in Sources */ = {isa = PBXBuildFile; fileRef = CA9D168B1ACFD83900DD00D1 /* ViewController.m */; };
		CA9D168F1ACFD83900DD00D1 /* Main.storyboard in Resources */ = {isa = PBXBuildFile; fileRef = CA9D168D1ACFD83900DD00D1 /* Main.storyboard */; };
		CA9D16911ACFD83900DD00D1 /* Images.xcassets in Resources */ = {isa = PBXBuildFile; fileRef = CA9D16901ACFD83900DD00D1 /* Images.xcassets */; };
		CA9D16941ACFD83900DD00D1 /* LaunchScreen.xib in Resources */ = {isa = PBXBuildFile; fileRef = CA9D16921ACFD83900DD00D1 /* LaunchScreen.xib */; };
		CA9D16A01ACFD83900DD00D1 /* hopTests.m in Sources */ = {isa = PBXBuildFile; fileRef = CA9D169F1ACFD83900DD00D1 /* hopTests.m */; };
/* End PBXBuildFile section */

/* Begin PBXContainerItemProxy section */
		CA9D169A1ACFD83900DD00D1 /* PBXContainerItemProxy */ = {
			isa = PBXContainerItemProxy;
			containerPortal = CA9D16751ACFD83900DD00D1 /* Project object */;
			proxyType = 1;
			remoteGlobalIDString = CA9D167C1ACFD83900DD00D1;
			remoteInfo = hop;
		};
/* End PBXContainerItemProxy section */

/* Begin PBXFileReference section */
		CA9D167D1ACFD83900DD00D1 /* hop.app */ = {isa = PBXFileReference; explicitFileType = wrapper.application; includeInIndex = 0; path = hop.app; sourceTree = BUILT_PRODUCTS_DIR; };
		CA9D16811ACFD83900DD00D1 /* Info.plist */ = {isa = PBXFileReference; lastKnownFileType = text.plist.xml; path = Info.plist; sourceTree = "<group>"; };
		CA9D16821ACFD83900DD00D1 /* main.m */ = {isa = PBXFileReference; lastKnownFileType = sourcecode.c.objc; path = main.m; sourceTree = "<group>"; };
		CA9D16841ACFD83900DD00D1 /* AppDelegate.h */ = {isa = PBXFileReference; lastKnownFileType = sourcecode.c.h; path = AppDelegate.h; sourceTree = "<group>"; };
		CA9D16851ACFD83900DD00D1 /* AppDelegate.m */ = {isa = PBXFileReference; lastKnownFileType = sourcecode.c.objc; path = AppDelegate.m; sourceTree = "<group>"; };
		CA9D16881ACFD83900DD00D1 /* hop.xcdatamodel */ = {isa = PBXFileReference; lastKnownFileType = wrapper.xcdatamodel; path = hop.xcdatamodel; sourceTree = "<group>"; };
		CA9D168A1ACFD83900DD00D1 /* ViewController.h */ = {isa = PBXFileReference; lastKnownFileType = sourcecode.c.h; path = ViewController.h; sourceTree = "<group>"; };
		CA9D168B1ACFD83900DD00D1 /* ViewController.m */ = {isa = PBXFileReference; lastKnownFileType = sourcecode.c.objc; path = ViewController.m; sourceTree = "<group>"; };
		CA9D168E1ACFD83900DD00D1 /* Base */ = {isa = PBXFileReference; lastKnownFileType = file.storyboard; name = Base; path = Base.lproj/Main.storyboard; sourceTree = "<group>"; };
		CA9D16901ACFD83900DD00D1 /* Images.xcassets */ = {isa = PBXFileReference; lastKnownFileType = folder.assetcatalog; path = Images.xcassets; sourceTree = "<group>"; };
		CA9D16931ACFD83900DD00D1 /* Base */ = {isa = PBXFileReference; lastKnownFileType = file.xib; name = Base; path = Base.lproj/LaunchScreen.xib; sourceTree = "<group>"; };
		CA9D16991ACFD83900DD00D1 /* hopTests.xctest */ = {isa = PBXFileReference; explicitFileType = wrapper.cfbundle; includeInIndex = 0; path = hopTests.xctest; sourceTree = BUILT_PRODUCTS_DIR; };
		CA9D169E1ACFD83900DD00D1 /* Info.plist */ = {isa = PBXFileReference; lastKnownFileType = text.plist.xml; path = Info.plist; sourceTree = "<group>"; };
		CA9D169F1ACFD83900DD00D1 /* hopTests.m */ = {isa = PBXFileReference; lastKnownFileType = sourcecode.c.objc; path = hopTests.m; sourceTree = "<group>"; };
/* End PBXFileReference section */

/* Begin PBXFrameworksBuildPhase section */
		CA9D167A1ACFD83900DD00D1 /* Frameworks */ = {
			isa = PBXFrameworksBuildPhase;
			buildActionMask = 2147483647;
			files = (
			);
			runOnlyForDeploymentPostprocessing = 0;
		};
		CA9D16961ACFD83900DD00D1 /* Frameworks */ = {
			isa = PBXFrameworksBuildPhase;
			buildActionMask = 2147483647;
			files = (
			);
			runOnlyForDeploymentPostprocessing = 0;
		};
/* End PBXFrameworksBuildPhase section */

/* Begin PBXGroup section */
		CA9D16741ACFD83900DD00D1 = {
			isa = PBXGroup;
			children = (
				CA9D167F1ACFD83900DD00D1 /* hop */,
				CA9D169C1ACFD83900DD00D1 /* hopTests */,
				CA9D167E1ACFD83900DD00D1 /* Products */,
			);
			sourceTree = "<group>";
		};
		CA9D167E1ACFD83900DD00D1 /* Products */ = {
			isa = PBXGroup;
			children = (
				CA9D167D1ACFD83900DD00D1 /* hop.app */,
				CA9D16991ACFD83900DD00D1 /* hopTests.xctest */,
			);
			name = Products;
			sourceTree = "<group>";
		};
		CA9D167F1ACFD83900DD00D1 /* hop */ = {
			isa = PBXGroup;
			children = (
				CA9D16841ACFD83900DD00D1 /* AppDelegate.h */,
				CA9D16851ACFD83900DD00D1 /* AppDelegate.m */,
				CA9D168A1ACFD83900DD00D1 /* ViewController.h */,
				CA9D168B1ACFD83900DD00D1 /* ViewController.m */,
				CA9D168D1ACFD83900DD00D1 /* Main.storyboard */,
				CA9D16901ACFD83900DD00D1 /* Images.xcassets */,
				CA9D16921ACFD83900DD00D1 /* LaunchScreen.xib */,
				CA9D16871ACFD83900DD00D1 /* hop.xcdatamodeld */,
				CA9D16801ACFD83900DD00D1 /* Supporting Files */,
			);
			path = hop;
			sourceTree = "<group>";
		};
		CA9D16801ACFD83900DD00D1 /* Supporting Files */ = {
			isa = PBXGroup;
			children = (
				CA9D16811ACFD83900DD00D1 /* Info.plist */,
				CA9D16821ACFD83900DD00D1 /* main.m */,
			);
			name = "Supporting Files";
			sourceTree = "<group>";
		};
		CA9D169C1ACFD83900DD00D1 /* hopTests */ = {
			isa = PBXGroup;
			children = (
				CA9D169F1ACFD83900DD00D1 /* hopTests.m */,
				CA9D169D1ACFD83900DD00D1 /* Supporting Files */,
			);
			path = hopTests;
			sourceTree = "<group>";
		};
		CA9D169D1ACFD83900DD00D1 /* Supporting Files */ = {
			isa = PBXGroup;
			children = (
				CA9D169E1ACFD83900DD00D1 /* Info.plist */,
			);
			name = "Supporting Files";
			sourceTree = "<group>";
		};
/* End PBXGroup section */

/* Begin PBXNativeTarget section */
		CA9D167C1ACFD83900DD00D1 /* hop */ = {
			isa = PBXNativeTarget;
			buildConfigurationList = CA9D16A31ACFD83900DD00D1 /* Build configuration list for PBXNativeTarget "hop" */;
			buildPhases = (
				CA9D16791ACFD83900DD00D1 /* Sources */,
				CA9D167A1ACFD83900DD00D1 /* Frameworks */,
				CA9D167B1ACFD83900DD00D1 /* Resources */,
			);
			buildRules = (
			);
			dependencies = (
			);
			name = hop;
			productName = hop;
			productReference = CA9D167D1ACFD83900DD00D1 /* hop.app */;
			productType = "com.apple.product-type.application";
		};
		CA9D16981ACFD83900DD00D1 /* hopTests */ = {
			isa = PBXNativeTarget;
			buildConfigurationList = CA9D16A61ACFD83900DD00D1 /* Build configuration list for PBXNativeTarget "hopTests" */;
			buildPhases = (
				CA9D16951ACFD83900DD00D1 /* Sources */,
				CA9D16961ACFD83900DD00D1 /* Frameworks */,
				CA9D16971ACFD83900DD00D1 /* Resources */,
			);
			buildRules = (
			);
			dependencies = (
				CA9D169B1ACFD83900DD00D1 /* PBXTargetDependency */,
			);
			name = hopTests;
			productName = hopTests;
			productReference = CA9D16991ACFD83900DD00D1 /* hopTests.xctest */;
			productType = "com.apple.product-type.bundle.unit-test";
		};
/* End PBXNativeTarget section */

/* Begin PBXProject section */
		CA9D16751ACFD83900DD00D1 /* Project object */ = {
			isa = PBXProject;
			attributes = {
				LastUpgradeCheck = 0620;
				ORGANIZATIONNAME = "Amogh Param";
				TargetAttributes = {
					CA9D167C1ACFD83900DD00D1 = {
						CreatedOnToolsVersion = 6.2;
					};
					CA9D16981ACFD83900DD00D1 = {
						CreatedOnToolsVersion = 6.2;
						TestTargetID = CA9D167C1ACFD83900DD00D1;
					};
				};
			};
			buildConfigurationList = CA9D16781ACFD83900DD00D1 /* Build configuration list for PBXProject "hop" */;
			compatibilityVersion = "Xcode 3.2";
			developmentRegion = English;
			hasScannedForEncodings = 0;
			knownRegions = (
				en,
				Base,
			);
			mainGroup = CA9D16741ACFD83900DD00D1;
			productRefGroup = CA9D167E1ACFD83900DD00D1 /* Products */;
			projectDirPath = "";
			projectRoot = "";
			targets = (
				CA9D167C1ACFD83900DD00D1 /* hop */,
				CA9D16981ACFD83900DD00D1 /* hopTests */,
			);
		};
/* End PBXProject section */

/* Begin PBXResourcesBuildPhase section */
		CA9D167B1ACFD83900DD00D1 /* Resources */ = {
			isa = PBXResourcesBuildPhase;
			buildActionMask = 2147483647;
			files = (
				CA9D168F1ACFD83900DD00D1 /* Main.storyboard in Resources */,
				CA9D16941ACFD83900DD00D1 /* LaunchScreen.xib in Resources */,
				CA9D16911ACFD83900DD00D1 /* Images.xcassets in Resources */,
			);
			runOnlyForDeploymentPostprocessing = 0;
		};
		CA9D16971ACFD83900DD00D1 /* Resources */ = {
			isa = PBXResourcesBuildPhase;
			buildActionMask = 2147483647;
			files = (
			);
			runOnlyForDeploymentPostprocessing = 0;
		};
/* End PBXResourcesBuildPhase section */

/* Begin PBXSourcesBuildPhase section */
		CA9D16791ACFD83900DD00D1 /* Sources */ = {
			isa = PBXSourcesBuildPhase;
			buildActionMask = 2147483647;
			files = (
				CA9D16891ACFD83900DD00D1 /* hop.xcdatamodeld in Sources */,
				CA9D16861ACFD83900DD00D1 /* AppDelegate.m in Sources */,
				CA9D168C1ACFD83900DD00D1 /* ViewController.m in Sources */,
				CA9D16831ACFD83900DD00D1 /* main.m in Sources */,
			);
			runOnlyForDeploymentPostprocessing = 0;
		};
		CA9D16951ACFD83900DD00D1 /* Sources */ = {
			isa = PBXSourcesBuildPhase;
			buildActionMask = 2147483647;
			files = (
				CA9D16A01ACFD83900DD00D1 /* hopTests.m in Sources */,
			);
			runOnlyForDeploymentPostprocessing = 0;
		};
/* End PBXSourcesBuildPhase section */

/* Begin PBXTargetDependency section */
		CA9D169B1ACFD83900DD00D1 /* PBXTargetDependency */ = {
			isa = PBXTargetDependency;
			target = CA9D167C1ACFD83900DD00D1 /* hop */;
			targetProxy = CA9D169A1ACFD83900DD00D1 /* PBXContainerItemProxy */;
		};
/* End PBXTargetDependency section */

/* Begin PBXVariantGroup section */
		CA9D168D1ACFD83900DD00D1 /* Main.storyboard */ = {
			isa = PBXVariantGroup;
			children = (
				CA9D168E1ACFD83900DD00D1 /* Base */,
			);
			name = Main.storyboard;
			sourceTree = "<group>";
		};
		CA9D16921ACFD83900DD00D1 /* LaunchScreen.xib */ = {
			isa = PBXVariantGroup;
			children = (
				CA9D16931ACFD83900DD00D1 /* Base */,
			);
			name = LaunchScreen.xib;
			sourceTree = "<group>";
		};
/* End PBXVariantGroup section */

/* Begin XCBuildConfiguration section */
		CA9D16A11ACFD83900DD00D1 /* Debug */ = {
			isa = XCBuildConfiguration;
			buildSettings = {
				ALWAYS_SEARCH_USER_PATHS = NO;
				CLANG_CXX_LANGUAGE_STANDARD = "gnu++0x";
				CLANG_CXX_LIBRARY = "libc++";
				CLANG_ENABLE_MODULES = YES;
				CLANG_ENABLE_OBJC_ARC = YES;
				CLANG_WARN_BOOL_CONVERSION = YES;
				CLANG_WARN_CONSTANT_CONVERSION = YES;
				CLANG_WARN_DIRECT_OBJC_ISA_USAGE = YES_ERROR;
				CLANG_WARN_EMPTY_BODY = YES;
				CLANG_WARN_ENUM_CONVERSION = YES;
				CLANG_WARN_INT_CONVERSION = YES;
				CLANG_WARN_OBJC_ROOT_CLASS = YES_ERROR;
				CLANG_WARN_UNREACHABLE_CODE = YES;
				CLANG_WARN__DUPLICATE_METHOD_MATCH = YES;
				"CODE_SIGN_IDENTITY[sdk=iphoneos*]" = "iPhone Developer";
				COPY_PHASE_STRIP = NO;
				ENABLE_STRICT_OBJC_MSGSEND = YES;
				GCC_C_LANGUAGE_STANDARD = gnu99;
				GCC_DYNAMIC_NO_PIC = NO;
				GCC_OPTIMIZATION_LEVEL = 0;
				GCC_PREPROCESSOR_DEFINITIONS = (
					"DEBUG=1",
					"$(inherited)",
				);
				GCC_SYMBOLS_PRIVATE_EXTERN = NO;
				GCC_WARN_64_TO_32_BIT_CONVERSION = YES;
				GCC_WARN_ABOUT_RETURN_TYPE = YES_ERROR;
				GCC_WARN_UNDECLARED_SELECTOR = YES;
				GCC_WARN_UNINITIALIZED_AUTOS = YES_AGGRESSIVE;
				GCC_WARN_UNUSED_FUNCTION = YES;
				GCC_WARN_UNUSED_VARIABLE = YES;
				IPHONEOS_DEPLOYMENT_TARGET = 8.2;
				MTL_ENABLE_DEBUG_INFO = YES;
				ONLY_ACTIVE_ARCH = YES;
				SDKROOT = iphoneos;
				TARGETED_DEVICE_FAMILY = "1,2";
			};
			name = Debug;
		};
		CA9D16A21ACFD83900DD00D1 /* Release */ = {
			isa = XCBuildConfiguration;
			buildSettings = {
				ALWAYS_SEARCH_USER_PATHS = NO;
				CLANG_CXX_LANGUAGE_STANDARD = "gnu++0x";
				CLANG_CXX_LIBRARY = "libc++";
				CLANG_ENABLE_MODULES = YES;
				CLANG_ENABLE_OBJC_ARC = YES;
				CLANG_WARN_BOOL_CONVERSION = YES;
				CLANG_WARN_CONSTANT_CONVERSION = YES;
				CLANG_WARN_DIRECT_OBJC_ISA_USAGE = YES_ERROR;
				CLANG_WARN_EMPTY_BODY = YES;
				CLANG_WARN_ENUM_CONVERSION = YES;
				CLANG_WARN_INT_CONVERSION = YES;
				CLANG_WARN_OBJC_ROOT_CLASS = YES_ERROR;
				CLANG_WARN_UNREACHABLE_CODE = YES;
				CLANG_WARN__DUPLICATE_METHOD_MATCH = YES;
				"CODE_SIGN_IDENTITY[sdk=iphoneos*]" = "iPhone Developer";
				COPY_PHASE_STRIP = NO;
				ENABLE_NS_ASSERTIONS = NO;
				ENABLE_STRICT_OBJC_MSGSEND = YES;
				GCC_C_LANGUAGE_STANDARD = gnu99;
				GCC_WARN_64_TO_32_BIT_CONVERSION = YES;
				GCC_WARN_ABOUT_RETURN_TYPE = YES_ERROR;
				GCC_WARN_UNDECLARED_SELECTOR = YES;
				GCC_WARN_UNINITIALIZED_AUTOS = YES_AGGRESSIVE;
				GCC_WARN_UNUSED_FUNCTION = YES;
				GCC_WARN_UNUSED_VARIABLE = YES;
				IPHONEOS_DEPLOYMENT_TARGET = 8.2;
				MTL_ENABLE_DEBUG_INFO = NO;
				SDKROOT = iphoneos;
				TARGETED_DEVICE_FAMILY = "1,2";
				VALIDATE_PRODUCT = YES;
			};
			name = Release;
		};
		CA9D16A41ACFD83900DD00D1 /* Debug */ = {
			isa = XCBuildConfiguration;
			buildSettings = {
				ASSETCATALOG_COMPILER_APPICON_NAME = AppIcon;
				INFOPLIST_FILE = hop/Info.plist;
				LD_RUNPATH_SEARCH_PATHS = "$(inherited) @executable_path/Frameworks";
				PRODUCT_NAME = "$(TARGET_NAME)";
			};
			name = Debug;
		};
		CA9D16A51ACFD83900DD00D1 /* Release */ = {
			isa = XCBuildConfiguration;
			buildSettings = {
				ASSETCATALOG_COMPILER_APPICON_NAME = AppIcon;
				INFOPLIST_FILE = hop/Info.plist;
				LD_RUNPATH_SEARCH_PATHS = "$(inherited) @executable_path/Frameworks";
				PRODUCT_NAME = "$(TARGET_NAME)";
			};
			name = Release;
		};
		CA9D16A71ACFD83900DD00D1 /* Debug */ = {
			isa = XCBuildConfiguration;
			buildSettings = {
				BUNDLE_LOADER = "$(TEST_HOST)";
				FRAMEWORK_SEARCH_PATHS = (
					"$(SDKROOT)/Developer/Library/Frameworks",
					"$(inherited)",
				);
				GCC_PREPROCESSOR_DEFINITIONS = (
					"DEBUG=1",
					"$(inherited)",
				);
				INFOPLIST_FILE = hopTests/Info.plist;
				LD_RUNPATH_SEARCH_PATHS = "$(inherited) @executable_path/Frameworks @loader_path/Frameworks";
				PRODUCT_NAME = "$(TARGET_NAME)";
				TEST_HOST = "$(BUILT_PRODUCTS_DIR)/hop.app/hop";
			};
			name = Debug;
		};
		CA9D16A81ACFD83900DD00D1 /* Release */ = {
			isa = XCBuildConfiguration;
			buildSettings = {
				BUNDLE_LOADER = "$(TEST_HOST)";
				FRAMEWORK_SEARCH_PATHS = (
					"$(SDKROOT)/Developer/Library/Frameworks",
					"$(inherited)",
				);
				INFOPLIST_FILE = hopTests/Info.plist;
				LD_RUNPATH_SEARCH_PATHS = "$(inherited) @executable_path/Frameworks @loader_path/Frameworks";
				PRODUCT_NAME = "$(TARGET_NAME)";
				TEST_HOST = "$(BUILT_PRODUCTS_DIR)/hop.app/hop";
			};
			name = Release;
		};
/* End XCBuildConfiguration section */

/* Begin XCConfigurationList section */
		CA9D16781ACFD83900DD00D1 /* Build configuration list for PBXProject "hop" */ = {
			isa = XCConfigurationList;
			buildConfigurations = (
				CA9D16A11ACFD83900DD00D1 /* Debug */,
				CA9D16A21ACFD83900DD00D1 /* Release */,
			);
			defaultConfigurationIsVisible = 0;
			defaultConfigurationName = Release;
		};
		CA9D16A31ACFD83900DD00D1 /* Build configuration list for PBXNativeTarget "hop" */ = {
			isa = XCConfigurationList;
			buildConfigurations = (
				CA9D16A41ACFD83900DD00D1 /* Debug */,
				CA9D16A51ACFD83900DD00D1 /* Release */,
			);
			defaultConfigurationIsVisible = 0;
		};
		CA9D16A61ACFD83900DD00D1 /* Build configuration list for PBXNativeTarget "hopTests" */ = {
			isa = XCConfigurationList;
			buildConfigurations = (
				CA9D16A71ACFD83900DD00D1 /* Debug */,
				CA9D16A81ACFD83900DD00D1 /* Release */,
			);
			defaultConfigurationIsVisible = 0;
		};
/* End XCConfigurationList section */

/* Begin XCVersionGroup section */
		CA9D16871ACFD83900DD00D1 /* hop.xcdatamodeld */ = {
			isa = XCVersionGroup;
			children = (
				CA9D16881ACFD83900DD00D1 /* hop.xcdatamodel */,
			);
			currentVersion = CA9D16881ACFD83900DD00D1 /* hop.xcdatamodel */;
			path = hop.xcdatamodeld;
			sourceTree = "<group>";
			versionGroupType = wrapper.xcdatamodel;
		};
/* End XCVersionGroup section */
	};
	rootObject = CA9D16751ACFD83900DD00D1 /* Project object */;
}
