// !$*UTF8*$!
{
	archiveVersion = 1;
	classes = {
	};
	objectVersion = 46;
	objects = {

/* Begin PBXBuildFile section */
		CA7F59CC1AD022B80009E5A5 /* FacebookTest.m in Sources */ = {isa = PBXBuildFile; fileRef = CA7F59CB1AD022B80009E5A5 /* FacebookTest.m */; };
		CA7F59D01AD024E50009E5A5 /* FBSDKCoreKit.framework in Frameworks */ = {isa = PBXBuildFile; fileRef = CA7F59CF1AD024E50009E5A5 /* FBSDKCoreKit.framework */; };
		CA7F59D21AD026320009E5A5 /* FBSDKLoginKit.framework in Frameworks */ = {isa = PBXBuildFile; fileRef = CA7F59D11AD026320009E5A5 /* FBSDKLoginKit.framework */; };
		CA7F59D51AD07FE90009E5A5 /* SettingsViewController.m in Sources */ = {isa = PBXBuildFile; fileRef = CA7F59D41AD07FE90009E5A5 /* SettingsViewController.m */; };
		CA7F59D71AD082560009E5A5 /* settings-50.png in Resources */ = {isa = PBXBuildFile; fileRef = CA7F59D61AD082560009E5A5 /* settings-50.png */; };
		CA7F59D91AD082790009E5A5 /* groups_filled-50.png in Resources */ = {isa = PBXBuildFile; fileRef = CA7F59D81AD082790009E5A5 /* groups_filled-50.png */; };
		CA7F59DD1AD084070009E5A5 /* map_marker_filled-32.png in Resources */ = {isa = PBXBuildFile; fileRef = CA7F59DC1AD084070009E5A5 /* map_marker_filled-32.png */; };
		CA7F59E01AD086E80009E5A5 /* LoginViewController.m in Sources */ = {isa = PBXBuildFile; fileRef = CA7F59DF1AD086E80009E5A5 /* LoginViewController.m */; };
		CA7F59E61AD0BE410009E5A5 /* RP_EventModel.m in Sources */ = {isa = PBXBuildFile; fileRef = CA7F59E51AD0BE410009E5A5 /* RP_EventModel.m */; };
		CA7F59E91AD0E2360009E5A5 /* CustomInfoMapWindowView.xib in Resources */ = {isa = PBXBuildFile; fileRef = CA7F59E81AD0E2360009E5A5 /* CustomInfoMapWindowView.xib */; };
		CA7F59EB1AD0E4A60009E5A5 /* ironman.png in Resources */ = {isa = PBXBuildFile; fileRef = CA7F59EA1AD0E4A60009E5A5 /* ironman.png */; };
		CA7F59EE1AD0E5C60009E5A5 /* CustomInfoMapWindowView.m in Sources */ = {isa = PBXBuildFile; fileRef = CA7F59ED1AD0E5C60009E5A5 /* CustomInfoMapWindowView.m */; };
		CA7F59F21AD100BB0009E5A5 /* appicon.png in Resources */ = {isa = PBXBuildFile; fileRef = CA7F59F11AD100BB0009E5A5 /* appicon.png */; };
		CA7F59F41AD106730009E5A5 /* map_marker-32.png in Resources */ = {isa = PBXBuildFile; fileRef = CA7F59F31AD106730009E5A5 /* map_marker-32.png */; };
		CA7F59F71AD106850009E5A5 /* settings3_filled-32.png in Resources */ = {isa = PBXBuildFile; fileRef = CA7F59F51AD106850009E5A5 /* settings3_filled-32.png */; };
		CA7F59F81AD106850009E5A5 /* settings3-32.png in Resources */ = {isa = PBXBuildFile; fileRef = CA7F59F61AD106850009E5A5 /* settings3-32.png */; };
		CA7F59FB1AD1125D0009E5A5 /* RP_GroupModel.m in Sources */ = {isa = PBXBuildFile; fileRef = CA7F59FA1AD1125D0009E5A5 /* RP_GroupModel.m */; };
		CA7F59FF1AD1182F0009E5A5 /* bar.jpg in Resources */ = {isa = PBXBuildFile; fileRef = CA7F59FE1AD1182F0009E5A5 /* bar.jpg */; };
		CA7F5A051AD12B320009E5A5 /* EventInfoMapWindowView.m in Sources */ = {isa = PBXBuildFile; fileRef = CA7F5A041AD12B320009E5A5 /* EventInfoMapWindowView.m */; };
		CA7F5A071AD12C490009E5A5 /* EventInfoMapWindowView.xib in Resources */ = {isa = PBXBuildFile; fileRef = CA7F5A061AD12C490009E5A5 /* EventInfoMapWindowView.xib */; };
		CA7F5A0B1AD1A5180009E5A5 /* TaskComplete.xib in Resources */ = {isa = PBXBuildFile; fileRef = CA7F5A0A1AD1A5180009E5A5 /* TaskComplete.xib */; };
		CA7F5A0D1AD1A56F0009E5A5 /* checkmark_filled-50.png in Resources */ = {isa = PBXBuildFile; fileRef = CA7F5A0C1AD1A56F0009E5A5 /* checkmark_filled-50.png */; };
		CA7F5A101AD1A5DC0009E5A5 /* TaskComplete.m in Sources */ = {isa = PBXBuildFile; fileRef = CA7F5A0F1AD1A5DC0009E5A5 /* TaskComplete.m */; };
		CA9D16831ACFD83900DD00D1 /* main.m in Sources */ = {isa = PBXBuildFile; fileRef = CA9D16821ACFD83900DD00D1 /* main.m */; };
		CA9D16861ACFD83900DD00D1 /* AppDelegate.m in Sources */ = {isa = PBXBuildFile; fileRef = CA9D16851ACFD83900DD00D1 /* AppDelegate.m */; };
		CA9D16891ACFD83900DD00D1 /* hop.xcdatamodeld in Sources */ = {isa = PBXBuildFile; fileRef = CA9D16871ACFD83900DD00D1 /* hop.xcdatamodeld */; };
		CA9D168C1ACFD83900DD00D1 /* ViewController.m in Sources */ = {isa = PBXBuildFile; fileRef = CA9D168B1ACFD83900DD00D1 /* ViewController.m */; };
		CA9D168F1ACFD83900DD00D1 /* Main.storyboard in Resources */ = {isa = PBXBuildFile; fileRef = CA9D168D1ACFD83900DD00D1 /* Main.storyboard */; };
		CA9D16911ACFD83900DD00D1 /* Images.xcassets in Resources */ = {isa = PBXBuildFile; fileRef = CA9D16901ACFD83900DD00D1 /* Images.xcassets */; };
		CA9D16A01ACFD83900DD00D1 /* hopTests.m in Sources */ = {isa = PBXBuildFile; fileRef = CA9D169F1ACFD83900DD00D1 /* hopTests.m */; };
		CA9D16AA1ACFD8DC00DD00D1 /* GoogleMaps.framework in Frameworks */ = {isa = PBXBuildFile; fileRef = CA9D16A91ACFD8DC00DD00D1 /* GoogleMaps.framework */; };
		CA9D16AC1ACFDADA00DD00D1 /* GoogleMaps.bundle in Resources */ = {isa = PBXBuildFile; fileRef = CA9D16AB1ACFDADA00DD00D1 /* GoogleMaps.bundle */; };
		CA9D16AE1ACFDB5400DD00D1 /* AVFoundation.framework in Frameworks */ = {isa = PBXBuildFile; fileRef = CA9D16AD1ACFDB5400DD00D1 /* AVFoundation.framework */; };
		CA9D16B01ACFDB6600DD00D1 /* CoreData.framework in Frameworks */ = {isa = PBXBuildFile; fileRef = CA9D16AF1ACFDB6600DD00D1 /* CoreData.framework */; };
		CA9D16B21ACFDB6F00DD00D1 /* CoreLocation.framework in Frameworks */ = {isa = PBXBuildFile; fileRef = CA9D16B11ACFDB6F00DD00D1 /* CoreLocation.framework */; };
		CA9D16B41ACFDB7800DD00D1 /* CoreText.framework in Frameworks */ = {isa = PBXBuildFile; fileRef = CA9D16B31ACFDB7800DD00D1 /* CoreText.framework */; };
		CA9D16B61ACFDB8700DD00D1 /* GLKit.framework in Frameworks */ = {isa = PBXBuildFile; fileRef = CA9D16B51ACFDB8700DD00D1 /* GLKit.framework */; };
		CA9D16B81ACFDB8D00DD00D1 /* ImageIO.framework in Frameworks */ = {isa = PBXBuildFile; fileRef = CA9D16B71ACFDB8D00DD00D1 /* ImageIO.framework */; };
		CA9D16BA1ACFDB9600DD00D1 /* libc++.dylib in Frameworks */ = {isa = PBXBuildFile; fileRef = CA9D16B91ACFDB9600DD00D1 /* libc++.dylib */; };
		CA9D16BC1ACFDBA500DD00D1 /* libicucore.dylib in Frameworks */ = {isa = PBXBuildFile; fileRef = CA9D16BB1ACFDBA500DD00D1 /* libicucore.dylib */; };
		CA9D16BE1ACFDBAC00DD00D1 /* libz.dylib in Frameworks */ = {isa = PBXBuildFile; fileRef = CA9D16BD1ACFDBAC00DD00D1 /* libz.dylib */; };
		CA9D16C01ACFDBB300DD00D1 /* OpenGLES.framework in Frameworks */ = {isa = PBXBuildFile; fileRef = CA9D16BF1ACFDBB300DD00D1 /* OpenGLES.framework */; };
		CA9D16C21ACFDBBA00DD00D1 /* QuartzCore.framework in Frameworks */ = {isa = PBXBuildFile; fileRef = CA9D16C11ACFDBBA00DD00D1 /* QuartzCore.framework */; };
		CA9D16C41ACFDBEC00DD00D1 /* SystemConfiguration.framework in Frameworks */ = {isa = PBXBuildFile; fileRef = CA9D16C31ACFDBEC00DD00D1 /* SystemConfiguration.framework */; };
/* End PBXBuildFile section */

/* Begin PBXContainerItemProxy section */
		CA9D169A1ACFD83900DD00D1 /* PBXContainerItemProxy */ = {
			isa = PBXContainerItemProxy;
			containerPortal = CA9D16751ACFD83900DD00D1 /* Project object */;
			proxyType = 1;
			remoteGlobalIDString = CA9D167C1ACFD83900DD00D1;
			remoteInfo = hop;
		};
/* End PBXContainerItemProxy section */

/* Begin PBXFileReference section */
		CA7F59CA1AD022B80009E5A5 /* FacebookTest.h */ = {isa = PBXFileReference; fileEncoding = 4; lastKnownFileType = sourcecode.c.h; path = FacebookTest.h; sourceTree = "<group>"; };
		CA7F59CB1AD022B80009E5A5 /* FacebookTest.m */ = {isa = PBXFileReference; fileEncoding = 4; lastKnownFileType = sourcecode.c.objc; path = FacebookTest.m; sourceTree = "<group>"; };
		CA7F59CF1AD024E50009E5A5 /* FBSDKCoreKit.framework */ = {isa = PBXFileReference; lastKnownFileType = wrapper.framework; name = FBSDKCoreKit.framework; path = ../../../../../Documents/FacebookSDK/FBSDKCoreKit.framework; sourceTree = "<group>"; };
		CA7F59D11AD026320009E5A5 /* FBSDKLoginKit.framework */ = {isa = PBXFileReference; lastKnownFileType = wrapper.framework; name = FBSDKLoginKit.framework; path = ../../../../../Documents/FacebookSDK/FBSDKLoginKit.framework; sourceTree = "<group>"; };
		CA7F59D31AD07FE90009E5A5 /* SettingsViewController.h */ = {isa = PBXFileReference; fileEncoding = 4; lastKnownFileType = sourcecode.c.h; path = SettingsViewController.h; sourceTree = "<group>"; };
		CA7F59D41AD07FE90009E5A5 /* SettingsViewController.m */ = {isa = PBXFileReference; fileEncoding = 4; lastKnownFileType = sourcecode.c.objc; path = SettingsViewController.m; sourceTree = "<group>"; };
		CA7F59D61AD082560009E5A5 /* settings-50.png */ = {isa = PBXFileReference; lastKnownFileType = image.png; path = "settings-50.png"; sourceTree = "<group>"; };
		CA7F59D81AD082790009E5A5 /* groups_filled-50.png */ = {isa = PBXFileReference; lastKnownFileType = image.png; path = "groups_filled-50.png"; sourceTree = "<group>"; };
		CA7F59DC1AD084070009E5A5 /* map_marker_filled-32.png */ = {isa = PBXFileReference; lastKnownFileType = image.png; path = "map_marker_filled-32.png"; sourceTree = "<group>"; };
		CA7F59DE1AD086E80009E5A5 /* LoginViewController.h */ = {isa = PBXFileReference; fileEncoding = 4; lastKnownFileType = sourcecode.c.h; path = LoginViewController.h; sourceTree = "<group>"; };
		CA7F59DF1AD086E80009E5A5 /* LoginViewController.m */ = {isa = PBXFileReference; fileEncoding = 4; lastKnownFileType = sourcecode.c.objc; path = LoginViewController.m; sourceTree = "<group>"; };
		CA7F59E41AD0BE410009E5A5 /* RP_EventModel.h */ = {isa = PBXFileReference; fileEncoding = 4; lastKnownFileType = sourcecode.c.h; path = RP_EventModel.h; sourceTree = "<group>"; };
		CA7F59E51AD0BE410009E5A5 /* RP_EventModel.m */ = {isa = PBXFileReference; fileEncoding = 4; lastKnownFileType = sourcecode.c.objc; path = RP_EventModel.m; sourceTree = "<group>"; };
		CA7F59E81AD0E2360009E5A5 /* CustomInfoMapWindowView.xib */ = {isa = PBXFileReference; fileEncoding = 4; lastKnownFileType = file.xib; path = CustomInfoMapWindowView.xib; sourceTree = "<group>"; };
		CA7F59EA1AD0E4A60009E5A5 /* ironman.png */ = {isa = PBXFileReference; lastKnownFileType = image.png; name = ironman.png; path = hop/ironman.png; sourceTree = "<group>"; };
		CA7F59EC1AD0E5C60009E5A5 /* CustomInfoMapWindowView.h */ = {isa = PBXFileReference; fileEncoding = 4; lastKnownFileType = sourcecode.c.h; path = CustomInfoMapWindowView.h; sourceTree = "<group>"; };
		CA7F59ED1AD0E5C60009E5A5 /* CustomInfoMapWindowView.m */ = {isa = PBXFileReference; fileEncoding = 4; lastKnownFileType = sourcecode.c.objc; path = CustomInfoMapWindowView.m; sourceTree = "<group>"; };
		CA7F59F11AD100BB0009E5A5 /* appicon.png */ = {isa = PBXFileReference; lastKnownFileType = image.png; path = appicon.png; sourceTree = "<group>"; };
		CA7F59F31AD106730009E5A5 /* map_marker-32.png */ = {isa = PBXFileReference; lastKnownFileType = image.png; path = "map_marker-32.png"; sourceTree = "<group>"; };
		CA7F59F51AD106850009E5A5 /* settings3_filled-32.png */ = {isa = PBXFileReference; lastKnownFileType = image.png; path = "settings3_filled-32.png"; sourceTree = "<group>"; };
		CA7F59F61AD106850009E5A5 /* settings3-32.png */ = {isa = PBXFileReference; lastKnownFileType = image.png; path = "settings3-32.png"; sourceTree = "<group>"; };
		CA7F59F91AD1125D0009E5A5 /* RP_GroupModel.h */ = {isa = PBXFileReference; fileEncoding = 4; lastKnownFileType = sourcecode.c.h; path = RP_GroupModel.h; sourceTree = "<group>"; };
		CA7F59FA1AD1125D0009E5A5 /* RP_GroupModel.m */ = {isa = PBXFileReference; fileEncoding = 4; lastKnownFileType = sourcecode.c.objc; path = RP_GroupModel.m; sourceTree = "<group>"; };
		CA7F59FE1AD1182F0009E5A5 /* bar.jpg */ = {isa = PBXFileReference; lastKnownFileType = image.jpeg; path = bar.jpg; sourceTree = "<group>"; };
		CA7F5A031AD12B320009E5A5 /* EventInfoMapWindowView.h */ = {isa = PBXFileReference; fileEncoding = 4; lastKnownFileType = sourcecode.c.h; path = EventInfoMapWindowView.h; sourceTree = "<group>"; };
		CA7F5A041AD12B320009E5A5 /* EventInfoMapWindowView.m */ = {isa = PBXFileReference; fileEncoding = 4; lastKnownFileType = sourcecode.c.objc; path = EventInfoMapWindowView.m; sourceTree = "<group>"; };
		CA7F5A061AD12C490009E5A5 /* EventInfoMapWindowView.xib */ = {isa = PBXFileReference; fileEncoding = 4; lastKnownFileType = file.xib; name = EventInfoMapWindowView.xib; path = ../EventInfoMapWindowView.xib; sourceTree = "<group>"; };
		CA7F5A0A1AD1A5180009E5A5 /* TaskComplete.xib */ = {isa = PBXFileReference; fileEncoding = 4; lastKnownFileType = file.xib; name = TaskComplete.xib; path = ../TaskComplete.xib; sourceTree = "<group>"; };
		CA7F5A0C1AD1A56F0009E5A5 /* checkmark_filled-50.png */ = {isa = PBXFileReference; lastKnownFileType = image.png; path = "checkmark_filled-50.png"; sourceTree = "<group>"; };
		CA7F5A0E1AD1A5DC0009E5A5 /* TaskComplete.h */ = {isa = PBXFileReference; fileEncoding = 4; lastKnownFileType = sourcecode.c.h; path = TaskComplete.h; sourceTree = "<group>"; };
		CA7F5A0F1AD1A5DC0009E5A5 /* TaskComplete.m */ = {isa = PBXFileReference; fileEncoding = 4; lastKnownFileType = sourcecode.c.objc; path = TaskComplete.m; sourceTree = "<group>"; };
		CA9D167D1ACFD83900DD00D1 /* hop.app */ = {isa = PBXFileReference; explicitFileType = wrapper.application; includeInIndex = 0; path = hop.app; sourceTree = BUILT_PRODUCTS_DIR; };
		CA9D16811ACFD83900DD00D1 /* Info.plist */ = {isa = PBXFileReference; lastKnownFileType = text.plist.xml; path = Info.plist; sourceTree = "<group>"; };
		CA9D16821ACFD83900DD00D1 /* main.m */ = {isa = PBXFileReference; lastKnownFileType = sourcecode.c.objc; path = main.m; sourceTree = "<group>"; };
		CA9D16841ACFD83900DD00D1 /* AppDelegate.h */ = {isa = PBXFileReference; lastKnownFileType = sourcecode.c.h; path = AppDelegate.h; sourceTree = "<group>"; };
		CA9D16851ACFD83900DD00D1 /* AppDelegate.m */ = {isa = PBXFileReference; lastKnownFileType = sourcecode.c.objc; path = AppDelegate.m; sourceTree = "<group>"; };
		CA9D16881ACFD83900DD00D1 /* hop.xcdatamodel */ = {isa = PBXFileReference; lastKnownFileType = wrapper.xcdatamodel; path = hop.xcdatamodel; sourceTree = "<group>"; };
		CA9D168A1ACFD83900DD00D1 /* ViewController.h */ = {isa = PBXFileReference; lastKnownFileType = sourcecode.c.h; path = ViewController.h; sourceTree = "<group>"; };
		CA9D168B1ACFD83900DD00D1 /* ViewController.m */ = {isa = PBXFileReference; lastKnownFileType = sourcecode.c.objc; path = ViewController.m; sourceTree = "<group>"; };
		CA9D168E1ACFD83900DD00D1 /* Base */ = {isa = PBXFileReference; lastKnownFileType = file.storyboard; name = Base; path = Base.lproj/Main.storyboard; sourceTree = "<group>"; };
		CA9D16901ACFD83900DD00D1 /* Images.xcassets */ = {isa = PBXFileReference; lastKnownFileType = folder.assetcatalog; path = Images.xcassets; sourceTree = "<group>"; };
		CA9D16991ACFD83900DD00D1 /* hopTests.xctest */ = {isa = PBXFileReference; explicitFileType = wrapper.cfbundle; includeInIndex = 0; path = hopTests.xctest; sourceTree = BUILT_PRODUCTS_DIR; };
		CA9D169E1ACFD83900DD00D1 /* Info.plist */ = {isa = PBXFileReference; lastKnownFileType = text.plist.xml; path = Info.plist; sourceTree = "<group>"; };
		CA9D169F1ACFD83900DD00D1 /* hopTests.m */ = {isa = PBXFileReference; lastKnownFileType = sourcecode.c.objc; path = hopTests.m; sourceTree = "<group>"; };
		CA9D16A91ACFD8DC00DD00D1 /* GoogleMaps.framework */ = {isa = PBXFileReference; lastKnownFileType = wrapper.framework; path = GoogleMaps.framework; sourceTree = "<group>"; };
		CA9D16AB1ACFDADA00DD00D1 /* GoogleMaps.bundle */ = {isa = PBXFileReference; lastKnownFileType = "wrapper.plug-in"; name = GoogleMaps.bundle; path = GoogleMaps.framework/Versions/A/Resources/GoogleMaps.bundle; sourceTree = "<group>"; };
		CA9D16AD1ACFDB5400DD00D1 /* AVFoundation.framework */ = {isa = PBXFileReference; lastKnownFileType = wrapper.framework; name = AVFoundation.framework; path = System/Library/Frameworks/AVFoundation.framework; sourceTree = SDKROOT; };
		CA9D16AF1ACFDB6600DD00D1 /* CoreData.framework */ = {isa = PBXFileReference; lastKnownFileType = wrapper.framework; name = CoreData.framework; path = System/Library/Frameworks/CoreData.framework; sourceTree = SDKROOT; };
		CA9D16B11ACFDB6F00DD00D1 /* CoreLocation.framework */ = {isa = PBXFileReference; lastKnownFileType = wrapper.framework; name = CoreLocation.framework; path = System/Library/Frameworks/CoreLocation.framework; sourceTree = SDKROOT; };
		CA9D16B31ACFDB7800DD00D1 /* CoreText.framework */ = {isa = PBXFileReference; lastKnownFileType = wrapper.framework; name = CoreText.framework; path = System/Library/Frameworks/CoreText.framework; sourceTree = SDKROOT; };
		CA9D16B51ACFDB8700DD00D1 /* GLKit.framework */ = {isa = PBXFileReference; lastKnownFileType = wrapper.framework; name = GLKit.framework; path = System/Library/Frameworks/GLKit.framework; sourceTree = SDKROOT; };
		CA9D16B71ACFDB8D00DD00D1 /* ImageIO.framework */ = {isa = PBXFileReference; lastKnownFileType = wrapper.framework; name = ImageIO.framework; path = System/Library/Frameworks/ImageIO.framework; sourceTree = SDKROOT; };
		CA9D16B91ACFDB9600DD00D1 /* libc++.dylib */ = {isa = PBXFileReference; lastKnownFileType = "compiled.mach-o.dylib"; name = "libc++.dylib"; path = "usr/lib/libc++.dylib"; sourceTree = SDKROOT; };
		CA9D16BB1ACFDBA500DD00D1 /* libicucore.dylib */ = {isa = PBXFileReference; lastKnownFileType = "compiled.mach-o.dylib"; name = libicucore.dylib; path = usr/lib/libicucore.dylib; sourceTree = SDKROOT; };
		CA9D16BD1ACFDBAC00DD00D1 /* libz.dylib */ = {isa = PBXFileReference; lastKnownFileType = "compiled.mach-o.dylib"; name = libz.dylib; path = usr/lib/libz.dylib; sourceTree = SDKROOT; };
		CA9D16BF1ACFDBB300DD00D1 /* OpenGLES.framework */ = {isa = PBXFileReference; lastKnownFileType = wrapper.framework; name = OpenGLES.framework; path = System/Library/Frameworks/OpenGLES.framework; sourceTree = SDKROOT; };
		CA9D16C11ACFDBBA00DD00D1 /* QuartzCore.framework */ = {isa = PBXFileReference; lastKnownFileType = wrapper.framework; name = QuartzCore.framework; path = System/Library/Frameworks/QuartzCore.framework; sourceTree = SDKROOT; };
		CA9D16C31ACFDBEC00DD00D1 /* SystemConfiguration.framework */ = {isa = PBXFileReference; lastKnownFileType = wrapper.framework; name = SystemConfiguration.framework; path = System/Library/Frameworks/SystemConfiguration.framework; sourceTree = SDKROOT; };
/* End PBXFileReference section */

/* Begin PBXFrameworksBuildPhase section */
		CA9D167A1ACFD83900DD00D1 /* Frameworks */ = {
			isa = PBXFrameworksBuildPhase;
			buildActionMask = 2147483647;
			files = (
				CA9D16C41ACFDBEC00DD00D1 /* SystemConfiguration.framework in Frameworks */,
				CA9D16C21ACFDBBA00DD00D1 /* QuartzCore.framework in Frameworks */,
				CA9D16C01ACFDBB300DD00D1 /* OpenGLES.framework in Frameworks */,
				CA9D16BE1ACFDBAC00DD00D1 /* libz.dylib in Frameworks */,
				CA9D16BC1ACFDBA500DD00D1 /* libicucore.dylib in Frameworks */,
				CA9D16BA1ACFDB9600DD00D1 /* libc++.dylib in Frameworks */,
				CA9D16B81ACFDB8D00DD00D1 /* ImageIO.framework in Frameworks */,
				CA9D16B61ACFDB8700DD00D1 /* GLKit.framework in Frameworks */,
				CA9D16B41ACFDB7800DD00D1 /* CoreText.framework in Frameworks */,
				CA7F59D01AD024E50009E5A5 /* FBSDKCoreKit.framework in Frameworks */,
				CA9D16B21ACFDB6F00DD00D1 /* CoreLocation.framework in Frameworks */,
				CA9D16B01ACFDB6600DD00D1 /* CoreData.framework in Frameworks */,
				CA9D16AE1ACFDB5400DD00D1 /* AVFoundation.framework in Frameworks */,
				CA7F59D21AD026320009E5A5 /* FBSDKLoginKit.framework in Frameworks */,
				CA9D16AA1ACFD8DC00DD00D1 /* GoogleMaps.framework in Frameworks */,
			);
			runOnlyForDeploymentPostprocessing = 0;
		};
		CA9D16961ACFD83900DD00D1 /* Frameworks */ = {
			isa = PBXFrameworksBuildPhase;
			buildActionMask = 2147483647;
			files = (
			);
			runOnlyForDeploymentPostprocessing = 0;
		};
/* End PBXFrameworksBuildPhase section */

/* Begin PBXGroup section */
		CA7F59E71AD0BE450009E5A5 /* Models */ = {
			isa = PBXGroup;
			children = (
				CA7F59F91AD1125D0009E5A5 /* RP_GroupModel.h */,
				CA7F59FA1AD1125D0009E5A5 /* RP_GroupModel.m */,
				CA7F59E41AD0BE410009E5A5 /* RP_EventModel.h */,
				CA7F59E51AD0BE410009E5A5 /* RP_EventModel.m */,
			);
			name = Models;
			sourceTree = "<group>";
		};
		CA7F59EF1AD0E5CA0009E5A5 /* View */ = {
			isa = PBXGroup;
			children = (
				CA7F5A0A1AD1A5180009E5A5 /* TaskComplete.xib */,
				CA7F5A0E1AD1A5DC0009E5A5 /* TaskComplete.h */,
				CA7F5A0F1AD1A5DC0009E5A5 /* TaskComplete.m */,
				CA7F59E81AD0E2360009E5A5 /* CustomInfoMapWindowView.xib */,
				CA7F5A061AD12C490009E5A5 /* EventInfoMapWindowView.xib */,
				CA7F5A031AD12B320009E5A5 /* EventInfoMapWindowView.h */,
				CA7F5A041AD12B320009E5A5 /* EventInfoMapWindowView.m */,
				CA7F59EC1AD0E5C60009E5A5 /* CustomInfoMapWindowView.h */,
				CA7F59ED1AD0E5C60009E5A5 /* CustomInfoMapWindowView.m */,
			);
			name = View;
			sourceTree = "<group>";
		};
		CA7F59F01AD0E5DD0009E5A5 /* View Controllers */ = {
			isa = PBXGroup;
			children = (
				CA7F59DE1AD086E80009E5A5 /* LoginViewController.h */,
				CA7F59DF1AD086E80009E5A5 /* LoginViewController.m */,
				CA9D168A1ACFD83900DD00D1 /* ViewController.h */,
				CA9D168B1ACFD83900DD00D1 /* ViewController.m */,
				CA7F59D31AD07FE90009E5A5 /* SettingsViewController.h */,
				CA7F59D41AD07FE90009E5A5 /* SettingsViewController.m */,
			);
			name = "View Controllers";
			sourceTree = "<group>";
		};
		CA9D16741ACFD83900DD00D1 = {
			isa = PBXGroup;
			children = (
				CA9D167F1ACFD83900DD00D1 /* hop */,
				CA9D169C1ACFD83900DD00D1 /* hopTests */,
				CA9D167E1ACFD83900DD00D1 /* Products */,
			);
			sourceTree = "<group>";
		};
		CA9D167E1ACFD83900DD00D1 /* Products */ = {
			isa = PBXGroup;
			children = (
				CA9D167D1ACFD83900DD00D1 /* hop.app */,
				CA9D16991ACFD83900DD00D1 /* hopTests.xctest */,
			);
			name = Products;
			sourceTree = "<group>";
		};
		CA9D167F1ACFD83900DD00D1 /* hop */ = {
			isa = PBXGroup;
			children = (
				CA7F59E71AD0BE450009E5A5 /* Models */,
				CA7F59EF1AD0E5CA0009E5A5 /* View */,
				CA7F59F01AD0E5DD0009E5A5 /* View Controllers */,
				CA9D16841ACFD83900DD00D1 /* AppDelegate.h */,
				CA9D16851ACFD83900DD00D1 /* AppDelegate.m */,
				CA9D168D1ACFD83900DD00D1 /* Main.storyboard */,
				CA7F59CA1AD022B80009E5A5 /* FacebookTest.h */,
				CA7F59CB1AD022B80009E5A5 /* FacebookTest.m */,
				CA9D16901ACFD83900DD00D1 /* Images.xcassets */,
				CA9D16871ACFD83900DD00D1 /* hop.xcdatamodeld */,
				CA9D16CA1ACFEC6A00DD00D1 /* Assets */,
				CA9D16C91ACFEC5F00DD00D1 /* Frameworks */,
				CA9D16801ACFD83900DD00D1 /* Supporting Files */,
			);
			path = hop;
			sourceTree = "<group>";
		};
		CA9D16801ACFD83900DD00D1 /* Supporting Files */ = {
			isa = PBXGroup;
			children = (
				CA9D16811ACFD83900DD00D1 /* Info.plist */,
				CA9D16821ACFD83900DD00D1 /* main.m */,
			);
			name = "Supporting Files";
			sourceTree = "<group>";
		};
		CA9D169C1ACFD83900DD00D1 /* hopTests */ = {
			isa = PBXGroup;
			children = (
				CA9D169F1ACFD83900DD00D1 /* hopTests.m */,
				CA9D169D1ACFD83900DD00D1 /* Supporting Files */,
			);
			path = hopTests;
			sourceTree = "<group>";
		};
		CA9D169D1ACFD83900DD00D1 /* Supporting Files */ = {
			isa = PBXGroup;
			children = (
				CA9D169E1ACFD83900DD00D1 /* Info.plist */,
			);
			name = "Supporting Files";
			sourceTree = "<group>";
		};
		CA9D16C91ACFEC5F00DD00D1 /* Frameworks */ = {
			isa = PBXGroup;
			children = (
				CA7F59D11AD026320009E5A5 /* FBSDKLoginKit.framework */,
				CA7F59CF1AD024E50009E5A5 /* FBSDKCoreKit.framework */,
				CA9D16C31ACFDBEC00DD00D1 /* SystemConfiguration.framework */,
				CA9D16C11ACFDBBA00DD00D1 /* QuartzCore.framework */,
				CA9D16BF1ACFDBB300DD00D1 /* OpenGLES.framework */,
				CA9D16BD1ACFDBAC00DD00D1 /* libz.dylib */,
				CA9D16BB1ACFDBA500DD00D1 /* libicucore.dylib */,
				CA9D16B91ACFDB9600DD00D1 /* libc++.dylib */,
				CA9D16B71ACFDB8D00DD00D1 /* ImageIO.framework */,
				CA9D16B51ACFDB8700DD00D1 /* GLKit.framework */,
				CA9D16B31ACFDB7800DD00D1 /* CoreText.framework */,
				CA9D16B11ACFDB6F00DD00D1 /* CoreLocation.framework */,
				CA9D16AF1ACFDB6600DD00D1 /* CoreData.framework */,
				CA9D16AD1ACFDB5400DD00D1 /* AVFoundation.framework */,
				CA9D16AB1ACFDADA00DD00D1 /* GoogleMaps.bundle */,
				CA9D16A91ACFD8DC00DD00D1 /* GoogleMaps.framework */,
			);
			name = Frameworks;
			path = ..;
			sourceTree = "<group>";
		};
		CA9D16CA1ACFEC6A00DD00D1 /* Assets */ = {
			isa = PBXGroup;
			children = (
				CA7F5A0C1AD1A56F0009E5A5 /* checkmark_filled-50.png */,
				CA7F59FE1AD1182F0009E5A5 /* bar.jpg */,
				CA7F59F51AD106850009E5A5 /* settings3_filled-32.png */,
				CA7F59F61AD106850009E5A5 /* settings3-32.png */,
				CA7F59F11AD100BB0009E5A5 /* appicon.png */,
				CA7F59EA1AD0E4A60009E5A5 /* ironman.png */,
				CA7F59F31AD106730009E5A5 /* map_marker-32.png */,
				CA7F59DC1AD084070009E5A5 /* map_marker_filled-32.png */,
				CA7F59D81AD082790009E5A5 /* groups_filled-50.png */,
				CA7F59D61AD082560009E5A5 /* settings-50.png */,
			);
			name = Assets;
			path = ..;
			sourceTree = "<group>";
		};
/* End PBXGroup section */

/* Begin PBXNativeTarget section */
		CA9D167C1ACFD83900DD00D1 /* hop */ = {
			isa = PBXNativeTarget;
			buildConfigurationList = CA9D16A31ACFD83900DD00D1 /* Build configuration list for PBXNativeTarget "hop" */;
			buildPhases = (
				CA9D16791ACFD83900DD00D1 /* Sources */,
				CA9D167A1ACFD83900DD00D1 /* Frameworks */,
				CA9D167B1ACFD83900DD00D1 /* Resources */,
			);
			buildRules = (
			);
			dependencies = (
			);
			name = hop;
			productName = hop;
			productReference = CA9D167D1ACFD83900DD00D1 /* hop.app */;
			productType = "com.apple.product-type.application";
		};
		CA9D16981ACFD83900DD00D1 /* hopTests */ = {
			isa = PBXNativeTarget;
			buildConfigurationList = CA9D16A61ACFD83900DD00D1 /* Build configuration list for PBXNativeTarget "hopTests" */;
			buildPhases = (
				CA9D16951ACFD83900DD00D1 /* Sources */,
				CA9D16961ACFD83900DD00D1 /* Frameworks */,
				CA9D16971ACFD83900DD00D1 /* Resources */,
			);
			buildRules = (
			);
			dependencies = (
				CA9D169B1ACFD83900DD00D1 /* PBXTargetDependency */,
			);
			name = hopTests;
			productName = hopTests;
			productReference = CA9D16991ACFD83900DD00D1 /* hopTests.xctest */;
			productType = "com.apple.product-type.bundle.unit-test";
		};
/* End PBXNativeTarget section */

/* Begin PBXProject section */
		CA9D16751ACFD83900DD00D1 /* Project object */ = {
			isa = PBXProject;
			attributes = {
				LastUpgradeCheck = 0620;
				ORGANIZATIONNAME = "Amogh Param";
				TargetAttributes = {
					CA9D167C1ACFD83900DD00D1 = {
						CreatedOnToolsVersion = 6.2;
						DevelopmentTeam = D38MYF3WSK;
						SystemCapabilities = {
							com.apple.Maps.iOS = {
								enabled = 0;
							};
						};
					};
					CA9D16981ACFD83900DD00D1 = {
						CreatedOnToolsVersion = 6.2;
						TestTargetID = CA9D167C1ACFD83900DD00D1;
					};
				};
			};
			buildConfigurationList = CA9D16781ACFD83900DD00D1 /* Build configuration list for PBXProject "hop" */;
			compatibilityVersion = "Xcode 3.2";
			developmentRegion = English;
			hasScannedForEncodings = 0;
			knownRegions = (
				en,
				Base,
			);
			mainGroup = CA9D16741ACFD83900DD00D1;
			productRefGroup = CA9D167E1ACFD83900DD00D1 /* Products */;
			projectDirPath = "";
			projectRoot = "";
			targets = (
				CA9D167C1ACFD83900DD00D1 /* hop */,
				CA9D16981ACFD83900DD00D1 /* hopTests */,
			);
		};
/* End PBXProject section */

/* Begin PBXResourcesBuildPhase section */
		CA9D167B1ACFD83900DD00D1 /* Resources */ = {
			isa = PBXResourcesBuildPhase;
			buildActionMask = 2147483647;
			files = (
				CA7F5A071AD12C490009E5A5 /* EventInfoMapWindowView.xib in Resources */,
				CA7F59F81AD106850009E5A5 /* settings3-32.png in Resources */,
				CA7F5A0B1AD1A5180009E5A5 /* TaskComplete.xib in Resources */,
				CA9D168F1ACFD83900DD00D1 /* Main.storyboard in Resources */,
				CA7F5A0D1AD1A56F0009E5A5 /* checkmark_filled-50.png in Resources */,
				CA7F59F21AD100BB0009E5A5 /* appicon.png in Resources */,
				CA7F59F41AD106730009E5A5 /* map_marker-32.png in Resources */,
				CA7F59F71AD106850009E5A5 /* settings3_filled-32.png in Resources */,
				CA7F59D91AD082790009E5A5 /* groups_filled-50.png in Resources */,
				CA7F59DD1AD084070009E5A5 /* map_marker_filled-32.png in Resources */,
				CA9D16911ACFD83900DD00D1 /* Images.xcassets in Resources */,
				CA9D16AC1ACFDADA00DD00D1 /* GoogleMaps.bundle in Resources */,
				CA7F59D71AD082560009E5A5 /* settings-50.png in Resources */,
				CA7F59E91AD0E2360009E5A5 /* CustomInfoMapWindowView.xib in Resources */,
				CA7F59FF1AD1182F0009E5A5 /* bar.jpg in Resources */,
				CA7F59EB1AD0E4A60009E5A5 /* ironman.png in Resources */,
			);
			runOnlyForDeploymentPostprocessing = 0;
		};
		CA9D16971ACFD83900DD00D1 /* Resources */ = {
			isa = PBXResourcesBuildPhase;
			buildActionMask = 2147483647;
			files = (
			);
			runOnlyForDeploymentPostprocessing = 0;
		};
/* End PBXResourcesBuildPhase section */

/* Begin PBXSourcesBuildPhase section */
		CA9D16791ACFD83900DD00D1 /* Sources */ = {
			isa = PBXSourcesBuildPhase;
			buildActionMask = 2147483647;
			files = (
				CA7F59EE1AD0E5C60009E5A5 /* CustomInfoMapWindowView.m in Sources */,
				CA7F5A101AD1A5DC0009E5A5 /* TaskComplete.m in Sources */,
				CA9D16891ACFD83900DD00D1 /* hop.xcdatamodeld in Sources */,
				CA7F59E61AD0BE410009E5A5 /* RP_EventModel.m in Sources */,
				CA7F5A051AD12B320009E5A5 /* EventInfoMapWindowView.m in Sources */,
				CA9D16861ACFD83900DD00D1 /* AppDelegate.m in Sources */,
				CA7F59CC1AD022B80009E5A5 /* FacebookTest.m in Sources */,
				CA7F59D51AD07FE90009E5A5 /* SettingsViewController.m in Sources */,
				CA7F59E01AD086E80009E5A5 /* LoginViewController.m in Sources */,
				CA7F59FB1AD1125D0009E5A5 /* RP_GroupModel.m in Sources */,
				CA9D168C1ACFD83900DD00D1 /* ViewController.m in Sources */,
				CA9D16831ACFD83900DD00D1 /* main.m in Sources */,
			);
			runOnlyForDeploymentPostprocessing = 0;
		};
		CA9D16951ACFD83900DD00D1 /* Sources */ = {
			isa = PBXSourcesBuildPhase;
			buildActionMask = 2147483647;
			files = (
				CA9D16A01ACFD83900DD00D1 /* hopTests.m in Sources */,
			);
			runOnlyForDeploymentPostprocessing = 0;
		};
/* End PBXSourcesBuildPhase section */

/* Begin PBXTargetDependency section */
		CA9D169B1ACFD83900DD00D1 /* PBXTargetDependency */ = {
			isa = PBXTargetDependency;
			target = CA9D167C1ACFD83900DD00D1 /* hop */;
			targetProxy = CA9D169A1ACFD83900DD00D1 /* PBXContainerItemProxy */;
		};
/* End PBXTargetDependency section */

/* Begin PBXVariantGroup section */
		CA9D168D1ACFD83900DD00D1 /* Main.storyboard */ = {
			isa = PBXVariantGroup;
			children = (
				CA9D168E1ACFD83900DD00D1 /* Base */,
			);
			name = Main.storyboard;
			sourceTree = "<group>";
		};
/* End PBXVariantGroup section */

/* Begin XCBuildConfiguration section */
		CA9D16A11ACFD83900DD00D1 /* Debug */ = {
			isa = XCBuildConfiguration;
			buildSettings = {
				ALWAYS_SEARCH_USER_PATHS = NO;
				CLANG_CXX_LANGUAGE_STANDARD = "gnu++0x";
				CLANG_CXX_LIBRARY = "libc++";
				CLANG_ENABLE_MODULES = YES;
				CLANG_ENABLE_OBJC_ARC = YES;
				CLANG_WARN_BOOL_CONVERSION = YES;
				CLANG_WARN_CONSTANT_CONVERSION = YES;
				CLANG_WARN_DIRECT_OBJC_ISA_USAGE = YES_ERROR;
				CLANG_WARN_EMPTY_BODY = YES;
				CLANG_WARN_ENUM_CONVERSION = YES;
				CLANG_WARN_INT_CONVERSION = YES;
				CLANG_WARN_OBJC_ROOT_CLASS = YES_ERROR;
				CLANG_WARN_UNREACHABLE_CODE = YES;
				CLANG_WARN__DUPLICATE_METHOD_MATCH = YES;
				"CODE_SIGN_IDENTITY[sdk=iphoneos*]" = "iPhone Developer";
				COPY_PHASE_STRIP = NO;
				ENABLE_STRICT_OBJC_MSGSEND = YES;
				GCC_C_LANGUAGE_STANDARD = gnu99;
				GCC_DYNAMIC_NO_PIC = NO;
				GCC_OPTIMIZATION_LEVEL = 0;
				GCC_PREPROCESSOR_DEFINITIONS = (
					"DEBUG=1",
					"$(inherited)",
				);
				GCC_SYMBOLS_PRIVATE_EXTERN = NO;
				GCC_WARN_64_TO_32_BIT_CONVERSION = YES;
				GCC_WARN_ABOUT_RETURN_TYPE = YES_ERROR;
				GCC_WARN_UNDECLARED_SELECTOR = YES;
				GCC_WARN_UNINITIALIZED_AUTOS = YES_AGGRESSIVE;
				GCC_WARN_UNUSED_FUNCTION = YES;
				GCC_WARN_UNUSED_VARIABLE = YES;
				IPHONEOS_DEPLOYMENT_TARGET = 8.2;
				MTL_ENABLE_DEBUG_INFO = YES;
				ONLY_ACTIVE_ARCH = YES;
				SDKROOT = iphoneos;
				TARGETED_DEVICE_FAMILY = "1,2";
			};
			name = Debug;
		};
		CA9D16A21ACFD83900DD00D1 /* Release */ = {
			isa = XCBuildConfiguration;
			buildSettings = {
				ALWAYS_SEARCH_USER_PATHS = NO;
				CLANG_CXX_LANGUAGE_STANDARD = "gnu++0x";
				CLANG_CXX_LIBRARY = "libc++";
				CLANG_ENABLE_MODULES = YES;
				CLANG_ENABLE_OBJC_ARC = YES;
				CLANG_WARN_BOOL_CONVERSION = YES;
				CLANG_WARN_CONSTANT_CONVERSION = YES;
				CLANG_WARN_DIRECT_OBJC_ISA_USAGE = YES_ERROR;
				CLANG_WARN_EMPTY_BODY = YES;
				CLANG_WARN_ENUM_CONVERSION = YES;
				CLANG_WARN_INT_CONVERSION = YES;
				CLANG_WARN_OBJC_ROOT_CLASS = YES_ERROR;
				CLANG_WARN_UNREACHABLE_CODE = YES;
				CLANG_WARN__DUPLICATE_METHOD_MATCH = YES;
				"CODE_SIGN_IDENTITY[sdk=iphoneos*]" = "iPhone Developer";
				COPY_PHASE_STRIP = NO;
				ENABLE_NS_ASSERTIONS = NO;
				ENABLE_STRICT_OBJC_MSGSEND = YES;
				GCC_C_LANGUAGE_STANDARD = gnu99;
				GCC_WARN_64_TO_32_BIT_CONVERSION = YES;
				GCC_WARN_ABOUT_RETURN_TYPE = YES_ERROR;
				GCC_WARN_UNDECLARED_SELECTOR = YES;
				GCC_WARN_UNINITIALIZED_AUTOS = YES_AGGRESSIVE;
				GCC_WARN_UNUSED_FUNCTION = YES;
				GCC_WARN_UNUSED_VARIABLE = YES;
				IPHONEOS_DEPLOYMENT_TARGET = 8.2;
				MTL_ENABLE_DEBUG_INFO = NO;
				SDKROOT = iphoneos;
				TARGETED_DEVICE_FAMILY = "1,2";
				VALIDATE_PRODUCT = YES;
			};
			name = Release;
		};
		CA9D16A41ACFD83900DD00D1 /* Debug */ = {
			isa = XCBuildConfiguration;
			buildSettings = {
				ASSETCATALOG_COMPILER_APPICON_NAME = AppIcon;
				CLANG_ALLOW_NON_MODULAR_INCLUDES_IN_FRAMEWORK_MODULES = YES;
				FRAMEWORK_SEARCH_PATHS = (
					"$(inherited)",
					"$(PROJECT_DIR)",
					/Users/amogh/Documents/FacebookSDK,
				);
				INFOPLIST_FILE = hop/Info.plist;
				LD_RUNPATH_SEARCH_PATHS = "$(inherited) @executable_path/Frameworks";
				"OTHER_LDFLAGS[arch=*]" = "-ObjC";
				PRODUCT_NAME = "$(TARGET_NAME)";
			};
			name = Debug;
		};
		CA9D16A51ACFD83900DD00D1 /* Release */ = {
			isa = XCBuildConfiguration;
			buildSettings = {
				ASSETCATALOG_COMPILER_APPICON_NAME = AppIcon;
				CLANG_ALLOW_NON_MODULAR_INCLUDES_IN_FRAMEWORK_MODULES = YES;
				FRAMEWORK_SEARCH_PATHS = (
					"$(inherited)",
					"$(PROJECT_DIR)",
					/Users/amogh/Documents/FacebookSDK,
				);
				INFOPLIST_FILE = hop/Info.plist;
				LD_RUNPATH_SEARCH_PATHS = "$(inherited) @executable_path/Frameworks";
				"OTHER_LDFLAGS[arch=*]" = "-ObjC";
				PRODUCT_NAME = "$(TARGET_NAME)";
			};
			name = Release;
		};
		CA9D16A71ACFD83900DD00D1 /* Debug */ = {
			isa = XCBuildConfiguration;
			buildSettings = {
				BUNDLE_LOADER = "$(TEST_HOST)";
				FRAMEWORK_SEARCH_PATHS = (
					"$(SDKROOT)/Developer/Library/Frameworks",
					"$(inherited)",
				);
				GCC_PREPROCESSOR_DEFINITIONS = (
					"DEBUG=1",
					"$(inherited)",
				);
				INFOPLIST_FILE = hopTests/Info.plist;
				LD_RUNPATH_SEARCH_PATHS = "$(inherited) @executable_path/Frameworks @loader_path/Frameworks";
				PRODUCT_NAME = "$(TARGET_NAME)";
				TEST_HOST = "$(BUILT_PRODUCTS_DIR)/hop.app/hop";
			};
			name = Debug;
		};
		CA9D16A81ACFD83900DD00D1 /* Release */ = {
			isa = XCBuildConfiguration;
			buildSettings = {
				BUNDLE_LOADER = "$(TEST_HOST)";
				FRAMEWORK_SEARCH_PATHS = (
					"$(SDKROOT)/Developer/Library/Frameworks",
					"$(inherited)",
				);
				INFOPLIST_FILE = hopTests/Info.plist;
				LD_RUNPATH_SEARCH_PATHS = "$(inherited) @executable_path/Frameworks @loader_path/Frameworks";
				PRODUCT_NAME = "$(TARGET_NAME)";
				TEST_HOST = "$(BUILT_PRODUCTS_DIR)/hop.app/hop";
			};
			name = Release;
		};
/* End XCBuildConfiguration section */

/* Begin XCConfigurationList section */
		CA9D16781ACFD83900DD00D1 /* Build configuration list for PBXProject "hop" */ = {
			isa = XCConfigurationList;
			buildConfigurations = (
				CA9D16A11ACFD83900DD00D1 /* Debug */,
				CA9D16A21ACFD83900DD00D1 /* Release */,
			);
			defaultConfigurationIsVisible = 0;
			defaultConfigurationName = Release;
		};
		CA9D16A31ACFD83900DD00D1 /* Build configuration list for PBXNativeTarget "hop" */ = {
			isa = XCConfigurationList;
			buildConfigurations = (
				CA9D16A41ACFD83900DD00D1 /* Debug */,
				CA9D16A51ACFD83900DD00D1 /* Release */,
			);
			defaultConfigurationIsVisible = 0;
			defaultConfigurationName = Release;
		};
		CA9D16A61ACFD83900DD00D1 /* Build configuration list for PBXNativeTarget "hopTests" */ = {
			isa = XCConfigurationList;
			buildConfigurations = (
				CA9D16A71ACFD83900DD00D1 /* Debug */,
				CA9D16A81ACFD83900DD00D1 /* Release */,
			);
			defaultConfigurationIsVisible = 0;
			defaultConfigurationName = Release;
		};
/* End XCConfigurationList section */

/* Begin XCVersionGroup section */
		CA9D16871ACFD83900DD00D1 /* hop.xcdatamodeld */ = {
			isa = XCVersionGroup;
			children = (
				CA9D16881ACFD83900DD00D1 /* hop.xcdatamodel */,
			);
			currentVersion = CA9D16881ACFD83900DD00D1 /* hop.xcdatamodel */;
			path = hop.xcdatamodeld;
			sourceTree = "<group>";
			versionGroupType = wrapper.xcdatamodel;
		};
/* End XCVersionGroup section */
	};
	rootObject = CA9D16751ACFD83900DD00D1 /* Project object */;
}
